
Microsoft Visual Studio Solution File, Format Version 12.00
# Visual Studio Version 17
VisualStudioVersion = 17.11.35222.181
MinimumVisualStudioVersion = 10.0.40219.1
Project("{FAE04EC0-301F-11D3-BF4B-00C04F79EFBC}") = "w2_ex7_1_2139", "w2_ex7_1_2139\w2_ex7_1_2139.csproj", "{A246498A-5CE7-4CFA-8CF2-3D69328F2BEE}"
EndProject
Project("{FAE04EC0-301F-11D3-BF4B-00C04F79EFBC}") = "ch2_quiz2_2139", "ch2_quiz2_2139\ch2_quiz2_2139.csproj", "{30CC1F84-144E-46FF-8D78-C003E69888AF}"
EndProject
Project("{FAE04EC0-301F-11D3-BF4B-00C04F79EFBC}") = "w2_ex8_2_2139", "w2_ex8_2_2139\w2_ex8_2_2139.csproj", "{CE7AB0A6-002D-4536-B0CC-269900822B46}"
EndProject
Project("{FAE04EC0-301F-11D3-BF4B-00C04F79EFBC}") = "w2_ex8_6_2139", "w2_ex8_6_2139\w2_ex8_6_2139.csproj", "{5BCFD1AB-6C28-41F3-9507-E1ACC9E8FF67}"
EndProject
Project("{FAE04EC0-301F-11D3-BF4B-00C04F79EFBC}") = "w2_quiz5_2139", "w2_quiz5_2139\w2_quiz5_2139.csproj", "{D4C49DBB-79DB-4624-BCD9-C1298ED1DB5B}"
EndProject
Project("{FAE04EC0-301F-11D3-BF4B-00C04F79EFBC}") = "ch2_ex2_11_2139", "ch2_ex2_11_2139\ch2_ex2_11_2139.csproj", "{07EF3882-DD33-43BF-B800-F51F8ED6FD66}"
EndProject
Project("{FAE04EC0-301F-11D3-BF4B-00C04F79EFBC}") = "ch2_quiz4_2139", "ch2_quiz4_2139\ch2_quiz4_2139.csproj", "{C6315C23-C216-49C8-A005-2A000518FC84}"
EndProject
Global
	GlobalSection(SolutionConfigurationPlatforms) = preSolution
		Debug|Any CPU = Debug|Any CPU
		Release|Any CPU = Release|Any CPU
	EndGlobalSection
	GlobalSection(ProjectConfigurationPlatforms) = postSolution
		{A246498A-5CE7-4CFA-8CF2-3D69328F2BEE}.Debug|Any CPU.ActiveCfg = Debug|Any CPU
		{A246498A-5CE7-4CFA-8CF2-3D69328F2BEE}.Debug|Any CPU.Build.0 = Debug|Any CPU
		{A246498A-5CE7-4CFA-8CF2-3D69328F2BEE}.Release|Any CPU.ActiveCfg = Release|Any CPU
		{A246498A-5CE7-4CFA-8CF2-3D69328F2BEE}.Release|Any CPU.Build.0 = Release|Any CPU
		{30CC1F84-144E-46FF-8D78-C003E69888AF}.Debug|Any CPU.ActiveCfg = Debug|Any CPU
		{30CC1F84-144E-46FF-8D78-C003E69888AF}.Debug|Any CPU.Build.0 = Debug|Any CPU
		{30CC1F84-144E-46FF-8D78-C003E69888AF}.Release|Any CPU.ActiveCfg = Release|Any CPU
		{30CC1F84-144E-46FF-8D78-C003E69888AF}.Release|Any CPU.Build.0 = Release|Any CPU
		{CE7AB0A6-002D-4536-B0CC-269900822B46}.Debug|Any CPU.ActiveCfg = Debug|Any CPU
		{CE7AB0A6-002D-4536-B0CC-269900822B46}.Debug|Any CPU.Build.0 = Debug|Any CPU
		{CE7AB0A6-002D-4536-B0CC-269900822B46}.Release|Any CPU.ActiveCfg = Release|Any CPU
		{CE7AB0A6-002D-4536-B0CC-269900822B46}.Release|Any CPU.Build.0 = Release|Any CPU
		{5BCFD1AB-6C28-41F3-9507-E1ACC9E8FF67}.Debug|Any CPU.ActiveCfg = Debug|Any CPU
		{5BCFD1AB-6C28-41F3-9507-E1ACC9E8FF67}.Debug|Any CPU.Build.0 = Debug|Any CPU
		{5BCFD1AB-6C28-41F3-9507-E1ACC9E8FF67}.Release|Any CPU.ActiveCfg = Release|Any CPU
		{5BCFD1AB-6C28-41F3-9507-E1ACC9E8FF67}.Release|Any CPU.Build.0 = Release|Any CPU
		{D4C49DBB-79DB-4624-BCD9-C1298ED1DB5B}.Debug|Any CPU.ActiveCfg = Debug|Any CPU
		{D4C49DBB-79DB-4624-BCD9-C1298ED1DB5B}.Debug|Any CPU.Build.0 = Debug|Any CPU
		{D4C49DBB-79DB-4624-BCD9-C1298ED1DB5B}.Release|Any CPU.ActiveCfg = Release|Any CPU
		{D4C49DBB-79DB-4624-BCD9-C1298ED1DB5B}.Release|Any CPU.Build.0 = Release|Any CPU
		{07EF3882-DD33-43BF-B800-F51F8ED6FD66}.Debug|Any CPU.ActiveCfg = Debug|Any CPU
		{07EF3882-DD33-43BF-B800-F51F8ED6FD66}.Debug|Any CPU.Build.0 = Debug|Any CPU
		{07EF3882-DD33-43BF-B800-F51F8ED6FD66}.Release|Any CPU.ActiveCfg = Release|Any CPU
		{07EF3882-DD33-43BF-B800-F51F8ED6FD66}.Release|Any CPU.Build.0 = Release|Any CPU
		{C6315C23-C216-49C8-A005-2A000518FC84}.Debug|Any CPU.ActiveCfg = Debug|Any CPU
		{C6315C23-C216-49C8-A005-2A000518FC84}.Debug|Any CPU.Build.0 = Debug|Any CPU
		{C6315C23-C216-49C8-A005-2A000518FC84}.Release|Any CPU.ActiveCfg = Release|Any CPU
		{C6315C23-C216-49C8-A005-2A000518FC84}.Release|Any CPU.Build.0 = Release|Any CPU
	EndGlobalSection
	GlobalSection(SolutionProperties) = preSolution
		HideSolutionNode = FALSE
	EndGlobalSection
	GlobalSection(ExtensibilityGlobals) = postSolution
		SolutionGuid = {179B52CD-09A6-40EE-9E71-CAA89FFADBE2}
	EndGlobalSection
EndGlobal
